
Microsoft Visual Studio Solution File, Format Version 11.00
# Visual Studio 2010
Project("{FAE04EC0-301F-11D3-BF4B-00C04F79EFBC}") = "MongoDB.Persist", "MongoDB.Persist\MongoDB.Persist.csproj", "{77B3AA49-E34E-4801-AA7E-1C1E88D07C95}"
EndProject
Project("{FAE04EC0-301F-11D3-BF4B-00C04F79EFBC}") = "MongoDB.WebIDE", "MongoDB.WebIDE\MongoDB.WebIDE.csproj", "{3095F365-C894-472E-9D1D-CE280C39DAD5}"
EndProject
Global
	GlobalSection(SolutionConfigurationPlatforms) = preSolution
		Debug|Any CPU = Debug|Any CPU
		Release|Any CPU = Release|Any CPU
	EndGlobalSection
	GlobalSection(ProjectConfigurationPlatforms) = postSolution
		{77B3AA49-E34E-4801-AA7E-1C1E88D07C95}.Debug|Any CPU.ActiveCfg = Debug|Any CPU
		{77B3AA49-E34E-4801-AA7E-1C1E88D07C95}.Debug|Any CPU.Build.0 = Debug|Any CPU
		{77B3AA49-E34E-4801-AA7E-1C1E88D07C95}.Release|Any CPU.ActiveCfg = Release|Any CPU
		{77B3AA49-E34E-4801-AA7E-1C1E88D07C95}.Release|Any CPU.Build.0 = Release|Any CPU
		{3095F365-C894-472E-9D1D-CE280C39DAD5}.Debug|Any CPU.ActiveCfg = Debug|Any CPU
		{3095F365-C894-472E-9D1D-CE280C39DAD5}.Debug|Any CPU.Build.0 = Debug|Any CPU
		{3095F365-C894-472E-9D1D-CE280C39DAD5}.Release|Any CPU.ActiveCfg = Release|Any CPU
		{3095F365-C894-472E-9D1D-CE280C39DAD5}.Release|Any CPU.Build.0 = Release|Any CPU
	EndGlobalSection
	GlobalSection(SolutionProperties) = preSolution
		HideSolutionNode = FALSE
	EndGlobalSection
EndGlobal
